# THIS IS AN AUTOGENERATED FILE. DO NOT EDIT THIS FILE DIRECTLY.
# yarn lockfile v1


falcon-crypto@^1.0.6:
  version "1.0.6"
  resolved "https://registry.yarnpkg.com/falcon-crypto/-/falcon-crypto-1.0.6.tgz#8f7729cb5c9fa12efc049712cfa29bc929d2d310"
  integrity sha512-viAJlA73IsQ+sis/2ucRzjAWRriZ361Mz9mjfyKHujm7cJBofzP2ns5tSuP04y0foef98WnLOfPp0MGr8/iIlg==
